
Microsoft Visual Studio Solution File, Format Version 12.00
# Visual Studio Version 16
VisualStudioVersion = 16.0.31624.102
MinimumVisualStudioVersion = 10.0.40219.1
Project("{FAE04EC0-301F-11D3-BF4B-00C04F79EFBC}") = "ProjectManagentApp", "ProjectManagentApp.csproj", "{E2CFAA2D-9BD3-4293-8B9D-A98AA022A604}"
EndProject
Global
	GlobalSection(SolutionConfigurationPlatforms) = preSolution
		Debug|Any CPU = Debug|Any CPU
		Release|Any CPU = Release|Any CPU
	EndGlobalSection
	GlobalSection(ProjectConfigurationPlatforms) = postSolution
		{E2CFAA2D-9BD3-4293-8B9D-A98AA022A604}.Debug|Any CPU.ActiveCfg = Debug|Any CPU
		{E2CFAA2D-9BD3-4293-8B9D-A98AA022A604}.Debug|Any CPU.Build.0 = Debug|Any CPU
		{E2CFAA2D-9BD3-4293-8B9D-A98AA022A604}.Release|Any CPU.ActiveCfg = Release|Any CPU
		{E2CFAA2D-9BD3-4293-8B9D-A98AA022A604}.Release|Any CPU.Build.0 = Release|Any CPU
	EndGlobalSection
	GlobalSection(SolutionProperties) = preSolution
		HideSolutionNode = FALSE
	EndGlobalSection
	GlobalSection(ExtensibilityGlobals) = postSolution
		SolutionGuid = {BB487977-C081-4CAC-836A-039298E9457F}
	EndGlobalSection
EndGlobal
